
Microsoft Visual Studio Solution File, Format Version 12.00
# Visual Studio 15
VisualStudioVersion = 15.0.28307.1300
MinimumVisualStudioVersion = 10.0.40219.1
Project("{FAE04EC0-301F-11D3-BF4B-00C04F79EFBC}") = "PadlockSample", "PadlockSample\PadlockSample.csproj", "{DD07C71F-1DE4-483B-9C6B-02BCF9BE0617}"
EndProject
Project("{FAE04EC0-301F-11D3-BF4B-00C04F79EFBC}") = "InterlockedOperations", "InterlockedOperations\InterlockedOperations.csproj", "{9E213F8D-15A6-430F-8AFA-DA91FBB78346}"
EndProject
Project("{FAE04EC0-301F-11D3-BF4B-00C04F79EFBC}") = "SpainLockSample", "SpainLockSample\SpainLockSample.csproj", "{0216E991-23C4-443D-891E-BF9BE116674A}"
EndProject
Global
	GlobalSection(SolutionConfigurationPlatforms) = preSolution
		Debug|Any CPU = Debug|Any CPU
		Release|Any CPU = Release|Any CPU
	EndGlobalSection
	GlobalSection(ProjectConfigurationPlatforms) = postSolution
		{DD07C71F-1DE4-483B-9C6B-02BCF9BE0617}.Debug|Any CPU.ActiveCfg = Debug|Any CPU
		{DD07C71F-1DE4-483B-9C6B-02BCF9BE0617}.Debug|Any CPU.Build.0 = Debug|Any CPU
		{DD07C71F-1DE4-483B-9C6B-02BCF9BE0617}.Release|Any CPU.ActiveCfg = Release|Any CPU
		{DD07C71F-1DE4-483B-9C6B-02BCF9BE0617}.Release|Any CPU.Build.0 = Release|Any CPU
		{9E213F8D-15A6-430F-8AFA-DA91FBB78346}.Debug|Any CPU.ActiveCfg = Debug|Any CPU
		{9E213F8D-15A6-430F-8AFA-DA91FBB78346}.Debug|Any CPU.Build.0 = Debug|Any CPU
		{9E213F8D-15A6-430F-8AFA-DA91FBB78346}.Release|Any CPU.ActiveCfg = Release|Any CPU
		{9E213F8D-15A6-430F-8AFA-DA91FBB78346}.Release|Any CPU.Build.0 = Release|Any CPU
		{0216E991-23C4-443D-891E-BF9BE116674A}.Debug|Any CPU.ActiveCfg = Debug|Any CPU
		{0216E991-23C4-443D-891E-BF9BE116674A}.Debug|Any CPU.Build.0 = Debug|Any CPU
		{0216E991-23C4-443D-891E-BF9BE116674A}.Release|Any CPU.ActiveCfg = Release|Any CPU
		{0216E991-23C4-443D-891E-BF9BE116674A}.Release|Any CPU.Build.0 = Release|Any CPU
	EndGlobalSection
	GlobalSection(SolutionProperties) = preSolution
		HideSolutionNode = FALSE
	EndGlobalSection
	GlobalSection(ExtensibilityGlobals) = postSolution
		SolutionGuid = {CBDA7A7D-A5AF-4C68-8BDC-78E0C7F6F45E}
	EndGlobalSection
EndGlobal
